<?xml version="1.0" encoding="utf-8"?>
<Project ToolsVersion="4.0" xmlns="http://schemas.microsoft.com/developer/msbuild/2003">
  <ItemGroup>
    <Filter Include="Source Files">
      <UniqueIdentifier>{4FC737F1-C7A5-4376-A066-2A32D752A2FF}</UniqueIdentifier>
      <Extensions>cpp;c;cc;cxx;def;odl;idl;hpj;bat;asm;asmx</Extensions>
    </Filter>
    <Filter Include="Header Files">
      <UniqueIdentifier>{93995380-89BD-4b04-88EB-625FBE52EBFB}</UniqueIdentifier>
      <Extensions>h;hpp;hxx;hm;inl;inc;xsd</Extensions>
    </Filter>
    <Filter Include="Resource Files">
      <UniqueIdentifier>{67DA6AB6-F800-4c08-8B7A-83BB121AAD01}</UniqueIdentifier>
      <Extensions>rc;ico;cur;bmp;dlg;rc2;rct;bin;rgs;gif;jpg;jpeg;jpe;resx;tiff;tif;png;wav;mfcribbon-ms</Extensions>
    </Filter>
  </ItemGroup>
  <ItemGroup>
    <ClCompile Include="SpotifyEngine.cpp">
      <Filter>Source Files</Filter>
    </ClCompile>
    <ClCompile Include="stdafx.cpp">
      <Filter>Source Files</Filter>
    </ClCompile>
    <ClCompile Include="AudioFrameBuffer.cpp">
      <Filter>Source Files</Filter>
    </ClCompile>
    <ClCompile Include="AudioOutputStream.cpp">
      <Filter>Source Files</Filter>
    </ClCompile>
    <ClCompile Include="SpotifyApiKey.cpp">
      <Filter>Source Files</Filter>
    </ClCompile>
    <ClCompile Include="SpotifyCallbacks.cpp">
      <Filter>Source Files</Filter>
    </ClCompile>
    <ClCompile Include="SpotifyEngineApp.cpp">
      <Filter>Source Files</Filter>
    </ClCompile>
    <ClCompile Include="Threadable.cpp">
      <Filter>Source Files</Filter>
    </ClCompile>
    <ClCompile Include="MusicPlayerApi.cpp">
      <Filter>Source Files</Filter>
    </ClCompile>
    <ClCompile Include="EchoNestEngine.cpp">
      <Filter>Source Files</Filter>
    </ClCompile>
    <ClCompile Include="SimpleJsonParser.cpp">
      <Filter>Source Files</Filter>
    </ClCompile>
    <ClCompile Include="TrackAnalyzer.cpp">
      <Filter>Source Files</Filter>
    </ClCompile>
    <ClCompile Include="TrackTimer.cpp">
      <Filter>Source Files</Filter>
    </ClCompile>
  </ItemGroup>
  <ItemGroup>
    <ClInclude Include="SpotifyEngine.h">
      <Filter>Header Files</Filter>
    </ClInclude>
    <ClInclude Include="stdafx.h">
      <Filter>Header Files</Filter>
    </ClInclude>
    <ClInclude Include="targetver.h">
      <Filter>Header Files</Filter>
    </ClInclude>
    <ClInclude Include="Resource.h">
      <Filter>Header Files</Filter>
    </ClInclude>
    <ClInclude Include="AudioFrameBuffer.h">
      <Filter>Header Files</Filter>
    </ClInclude>
    <ClInclude Include="AudioOutputStream.h">
      <Filter>Header Files</Filter>
    </ClInclude>
    <ClInclude Include="SpotifyEngineApp.h">
      <Filter>Header Files</Filter>
    </ClInclude>
    <ClInclude Include="StudioException.h">
      <Filter>Header Files</Filter>
    </ClInclude>
    <ClInclude Include="Threadable.h">
      <Filter>Header Files</Filter>
    </ClInclude>
    <ClInclude Include="MusicPlayerApi.h">
      <Filter>Header Files</Filter>
    </ClInclude>
    <ClInclude Include="EchoNestEngine.h">
      <Filter>Header Files</Filter>
    </ClInclude>
    <ClInclude Include="SimpleJsonParser.h">
      <Filter>Header Files</Filter>
    </ClInclude>
    <ClInclude Include="TrackAnalyzer.h">
      <Filter>Header Files</Filter>
    </ClInclude>
    <ClInclude Include="SimpleJsonBuilder.h">
      <Filter>Header Files</Filter>
    </ClInclude>
    <ClInclude Include="TrackTimer.h">
      <Filter>Header Files</Filter>
    </ClInclude>
  </ItemGroup>
  <ItemGroup>
    <None Include="SpotifyEngine.def">
      <Filter>Source Files</Filter>
    </None>
    <None Include="res\SpotifyEngine.rc2">
      <Filter>Resource Files</Filter>
    </None>
  </ItemGroup>
  <ItemGroup>
    <ResourceCompile Include="SpotifyEngine.rc">
      <Filter>Resource Files</Filter>
    </ResourceCompile>
  </ItemGroup>
</Project>